
Microsoft Visual Studio Solution File, Format Version 12.00
# Visual Studio Version 17
VisualStudioVersion = 17.2.32526.322
MinimumVisualStudioVersion = 10.0.40219.1
Project("{2150E333-8FDC-42A3-9474-1A3956D46DE8}") = "Services", "Services", "{245EFE9D-5DB6-4298-BDF0-E7A45F6AE666}"
EndProject
Project("{2150E333-8FDC-42A3-9474-1A3956D46DE8}") = "Catalog", "Catalog", "{0C1F759F-9060-4E2F-AC7D-AF1DB519839E}"
EndProject
Project("{9A19103F-16F7-4668-BE54-9A1E7A4F7556}") = "Catalog.API", "Services\Catalog\Catalog.API\Catalog.API.csproj", "{D35C64C3-DC70-4A8D-BFDD-48F25C3002EC}"
EndProject
Project("{E53339B2-1760-4266-BCC7-CA923CBCF16C}") = "docker-compose", "docker-compose.dcproj", "{602FF0A6-998D-4D91-B607-B99CFF5F4497}"
EndProject
Global
	GlobalSection(SolutionConfigurationPlatforms) = preSolution
		Debug|Any CPU = Debug|Any CPU
		Release|Any CPU = Release|Any CPU
	EndGlobalSection
	GlobalSection(ProjectConfigurationPlatforms) = postSolution
		{D35C64C3-DC70-4A8D-BFDD-48F25C3002EC}.Debug|Any CPU.ActiveCfg = Debug|Any CPU
		{D35C64C3-DC70-4A8D-BFDD-48F25C3002EC}.Debug|Any CPU.Build.0 = Debug|Any CPU
		{D35C64C3-DC70-4A8D-BFDD-48F25C3002EC}.Release|Any CPU.ActiveCfg = Release|Any CPU
		{D35C64C3-DC70-4A8D-BFDD-48F25C3002EC}.Release|Any CPU.Build.0 = Release|Any CPU
		{602FF0A6-998D-4D91-B607-B99CFF5F4497}.Debug|Any CPU.ActiveCfg = Debug|Any CPU
		{602FF0A6-998D-4D91-B607-B99CFF5F4497}.Debug|Any CPU.Build.0 = Debug|Any CPU
		{602FF0A6-998D-4D91-B607-B99CFF5F4497}.Release|Any CPU.ActiveCfg = Release|Any CPU
		{602FF0A6-998D-4D91-B607-B99CFF5F4497}.Release|Any CPU.Build.0 = Release|Any CPU
	EndGlobalSection
	GlobalSection(SolutionProperties) = preSolution
		HideSolutionNode = FALSE
	EndGlobalSection
	GlobalSection(NestedProjects) = preSolution
		{0C1F759F-9060-4E2F-AC7D-AF1DB519839E} = {245EFE9D-5DB6-4298-BDF0-E7A45F6AE666}
		{D35C64C3-DC70-4A8D-BFDD-48F25C3002EC} = {0C1F759F-9060-4E2F-AC7D-AF1DB519839E}
	EndGlobalSection
	GlobalSection(ExtensibilityGlobals) = postSolution
		SolutionGuid = {9E756B80-D309-4D79-B60E-E25A206902FC}
	EndGlobalSection
EndGlobal
